
Microsoft Visual Studio Solution File, Format Version 12.00
# Visual Studio Version 16
VisualStudioVersion = 16.0.30804.86
MinimumVisualStudioVersion = 10.0.40219.1
Project("{9A19103F-16F7-4668-BE54-9A1E7A4F7556}") = "Kampintro", "Kampintro\Kampintro.csproj", "{B6EBC981-5A13-4233-9FB3-6BB86CFC5DAA}"
EndProject
Project("{9A19103F-16F7-4668-BE54-9A1E7A4F7556}") = "Donguler", "Donguler\Donguler.csproj", "{C5912A53-ECB4-4EAE-AAE1-CE25D941CCA0}"
EndProject
Project("{9A19103F-16F7-4668-BE54-9A1E7A4F7556}") = "ClassIntro", "ClassIntro\ClassIntro.csproj", "{E576E384-3BD1-442A-B1BE-0AE24DDABDF7}"
EndProject
Project("{9A19103F-16F7-4668-BE54-9A1E7A4F7556}") = "Ders2Odev", "Ders2Odev\Ders2Odev.csproj", "{A60932A4-2249-4098-BF4B-5CED6B8FC673}"
EndProject
Project("{9A19103F-16F7-4668-BE54-9A1E7A4F7556}") = "Metotlar", "Metotlar\Metotlar.csproj", "{53A64F44-ACC5-450D-8B77-C0F608E52BAD}"
EndProject
Project("{9A19103F-16F7-4668-BE54-9A1E7A4F7556}") = "Matematik", "Matematik\Matematik.csproj", "{4BA9BE42-83B4-4C2B-8006-CB30445EE6AC}"
EndProject
Project("{9A19103F-16F7-4668-BE54-9A1E7A4F7556}") = "DegerVeReferansTipler", "DegerVeReferansTipler\DegerVeReferansTipler.csproj", "{95B58F7B-433D-41FF-B49D-61CB85ABC2B8}"
EndProject
Project("{9A19103F-16F7-4668-BE54-9A1E7A4F7556}") = "Ders3Odev2", "Ders3Odev2\Ders3Odev2.csproj", "{F8B18531-209B-4BE0-A08A-CB875D6B0271}"
EndProject
Project("{9A19103F-16F7-4668-BE54-9A1E7A4F7556}") = "ClassMetotDemo", "ClassMetotDemo\ClassMetotDemo.csproj", "{8C2E1760-1B58-4D7A-9A1F-305962C0F94F}"
EndProject
Project("{9A19103F-16F7-4668-BE54-9A1E7A4F7556}") = "Ders2Odev6", "Ders2Odev6\Ders2Odev6.csproj", "{C02389EE-D56D-4A00-837B-2D8267036A7E}"
EndProject
Project("{9A19103F-16F7-4668-BE54-9A1E7A4F7556}") = "OOP1", "OOP1\OOP1.csproj", "{663864BB-F9A7-4932-A533-A82D22CB9C58}"
EndProject
Project("{9A19103F-16F7-4668-BE54-9A1E7A4F7556}") = "Koleksiyonlar", "Koleksiyonlar\Koleksiyonlar.csproj", "{E19D5DD8-8BDE-4178-A7D6-7294EB8CD55E}"
EndProject
Project("{9A19103F-16F7-4668-BE54-9A1E7A4F7556}") = "GenericsIntro", "GenericsIntro\GenericsIntro.csproj", "{6830A09E-8005-4612-9D31-8536589E6165}"
EndProject
Project("{FAE04EC0-301F-11D3-BF4B-00C04F79EFBC}") = "Ders4Odev5", "Ders4Odev5\Ders4Odev5.csproj", "{E6EC74FB-3292-4B61-AE27-08BDF2C2CDDE}"
EndProject
Global
	GlobalSection(SolutionConfigurationPlatforms) = preSolution
		Debug|Any CPU = Debug|Any CPU
		Release|Any CPU = Release|Any CPU
	EndGlobalSection
	GlobalSection(ProjectConfigurationPlatforms) = postSolution
		{B6EBC981-5A13-4233-9FB3-6BB86CFC5DAA}.Debug|Any CPU.ActiveCfg = Debug|Any CPU
		{B6EBC981-5A13-4233-9FB3-6BB86CFC5DAA}.Debug|Any CPU.Build.0 = Debug|Any CPU
		{B6EBC981-5A13-4233-9FB3-6BB86CFC5DAA}.Release|Any CPU.ActiveCfg = Release|Any CPU
		{B6EBC981-5A13-4233-9FB3-6BB86CFC5DAA}.Release|Any CPU.Build.0 = Release|Any CPU
		{C5912A53-ECB4-4EAE-AAE1-CE25D941CCA0}.Debug|Any CPU.ActiveCfg = Debug|Any CPU
		{C5912A53-ECB4-4EAE-AAE1-CE25D941CCA0}.Debug|Any CPU.Build.0 = Debug|Any CPU
		{C5912A53-ECB4-4EAE-AAE1-CE25D941CCA0}.Release|Any CPU.ActiveCfg = Release|Any CPU
		{C5912A53-ECB4-4EAE-AAE1-CE25D941CCA0}.Release|Any CPU.Build.0 = Release|Any CPU
		{E576E384-3BD1-442A-B1BE-0AE24DDABDF7}.Debug|Any CPU.ActiveCfg = Debug|Any CPU
		{E576E384-3BD1-442A-B1BE-0AE24DDABDF7}.Debug|Any CPU.Build.0 = Debug|Any CPU
		{E576E384-3BD1-442A-B1BE-0AE24DDABDF7}.Release|Any CPU.ActiveCfg = Release|Any CPU
		{E576E384-3BD1-442A-B1BE-0AE24DDABDF7}.Release|Any CPU.Build.0 = Release|Any CPU
		{A60932A4-2249-4098-BF4B-5CED6B8FC673}.Debug|Any CPU.ActiveCfg = Debug|Any CPU
		{A60932A4-2249-4098-BF4B-5CED6B8FC673}.Debug|Any CPU.Build.0 = Debug|Any CPU
		{A60932A4-2249-4098-BF4B-5CED6B8FC673}.Release|Any CPU.ActiveCfg = Release|Any CPU
		{A60932A4-2249-4098-BF4B-5CED6B8FC673}.Release|Any CPU.Build.0 = Release|Any CPU
		{53A64F44-ACC5-450D-8B77-C0F608E52BAD}.Debug|Any CPU.ActiveCfg = Debug|Any CPU
		{53A64F44-ACC5-450D-8B77-C0F608E52BAD}.Debug|Any CPU.Build.0 = Debug|Any CPU
		{53A64F44-ACC5-450D-8B77-C0F608E52BAD}.Release|Any CPU.ActiveCfg = Release|Any CPU
		{53A64F44-ACC5-450D-8B77-C0F608E52BAD}.Release|Any CPU.Build.0 = Release|Any CPU
		{4BA9BE42-83B4-4C2B-8006-CB30445EE6AC}.Debug|Any CPU.ActiveCfg = Debug|Any CPU
		{4BA9BE42-83B4-4C2B-8006-CB30445EE6AC}.Debug|Any CPU.Build.0 = Debug|Any CPU
		{4BA9BE42-83B4-4C2B-8006-CB30445EE6AC}.Release|Any CPU.ActiveCfg = Release|Any CPU
		{4BA9BE42-83B4-4C2B-8006-CB30445EE6AC}.Release|Any CPU.Build.0 = Release|Any CPU
		{95B58F7B-433D-41FF-B49D-61CB85ABC2B8}.Debug|Any CPU.ActiveCfg = Debug|Any CPU
		{95B58F7B-433D-41FF-B49D-61CB85ABC2B8}.Debug|Any CPU.Build.0 = Debug|Any CPU
		{95B58F7B-433D-41FF-B49D-61CB85ABC2B8}.Release|Any CPU.ActiveCfg = Release|Any CPU
		{95B58F7B-433D-41FF-B49D-61CB85ABC2B8}.Release|Any CPU.Build.0 = Release|Any CPU
		{F8B18531-209B-4BE0-A08A-CB875D6B0271}.Debug|Any CPU.ActiveCfg = Debug|Any CPU
		{F8B18531-209B-4BE0-A08A-CB875D6B0271}.Debug|Any CPU.Build.0 = Debug|Any CPU
		{F8B18531-209B-4BE0-A08A-CB875D6B0271}.Release|Any CPU.ActiveCfg = Release|Any CPU
		{F8B18531-209B-4BE0-A08A-CB875D6B0271}.Release|Any CPU.Build.0 = Release|Any CPU
		{8C2E1760-1B58-4D7A-9A1F-305962C0F94F}.Debug|Any CPU.ActiveCfg = Debug|Any CPU
		{8C2E1760-1B58-4D7A-9A1F-305962C0F94F}.Debug|Any CPU.Build.0 = Debug|Any CPU
		{8C2E1760-1B58-4D7A-9A1F-305962C0F94F}.Release|Any CPU.ActiveCfg = Release|Any CPU
		{8C2E1760-1B58-4D7A-9A1F-305962C0F94F}.Release|Any CPU.Build.0 = Release|Any CPU
		{C02389EE-D56D-4A00-837B-2D8267036A7E}.Debug|Any CPU.ActiveCfg = Debug|Any CPU
		{C02389EE-D56D-4A00-837B-2D8267036A7E}.Debug|Any CPU.Build.0 = Debug|Any CPU
		{C02389EE-D56D-4A00-837B-2D8267036A7E}.Release|Any CPU.ActiveCfg = Release|Any CPU
		{C02389EE-D56D-4A00-837B-2D8267036A7E}.Release|Any CPU.Build.0 = Release|Any CPU
		{663864BB-F9A7-4932-A533-A82D22CB9C58}.Debug|Any CPU.ActiveCfg = Debug|Any CPU
		{663864BB-F9A7-4932-A533-A82D22CB9C58}.Debug|Any CPU.Build.0 = Debug|Any CPU
		{663864BB-F9A7-4932-A533-A82D22CB9C58}.Release|Any CPU.ActiveCfg = Release|Any CPU
		{663864BB-F9A7-4932-A533-A82D22CB9C58}.Release|Any CPU.Build.0 = Release|Any CPU
		{E19D5DD8-8BDE-4178-A7D6-7294EB8CD55E}.Debug|Any CPU.ActiveCfg = Debug|Any CPU
		{E19D5DD8-8BDE-4178-A7D6-7294EB8CD55E}.Debug|Any CPU.Build.0 = Debug|Any CPU
		{E19D5DD8-8BDE-4178-A7D6-7294EB8CD55E}.Release|Any CPU.ActiveCfg = Release|Any CPU
		{E19D5DD8-8BDE-4178-A7D6-7294EB8CD55E}.Release|Any CPU.Build.0 = Release|Any CPU
		{6830A09E-8005-4612-9D31-8536589E6165}.Debug|Any CPU.ActiveCfg = Debug|Any CPU
		{6830A09E-8005-4612-9D31-8536589E6165}.Debug|Any CPU.Build.0 = Debug|Any CPU
		{6830A09E-8005-4612-9D31-8536589E6165}.Release|Any CPU.ActiveCfg = Release|Any CPU
		{6830A09E-8005-4612-9D31-8536589E6165}.Release|Any CPU.Build.0 = Release|Any CPU
		{E6EC74FB-3292-4B61-AE27-08BDF2C2CDDE}.Debug|Any CPU.ActiveCfg = Debug|Any CPU
		{E6EC74FB-3292-4B61-AE27-08BDF2C2CDDE}.Debug|Any CPU.Build.0 = Debug|Any CPU
		{E6EC74FB-3292-4B61-AE27-08BDF2C2CDDE}.Release|Any CPU.ActiveCfg = Release|Any CPU
		{E6EC74FB-3292-4B61-AE27-08BDF2C2CDDE}.Release|Any CPU.Build.0 = Release|Any CPU
	EndGlobalSection
	GlobalSection(SolutionProperties) = preSolution
		HideSolutionNode = FALSE
	EndGlobalSection
	GlobalSection(ExtensibilityGlobals) = postSolution
		SolutionGuid = {C65FD6AF-193D-4781-AE39-E17A2FA4895C}
	EndGlobalSection
EndGlobal
